
Microsoft Visual Studio Solution File, Format Version 12.00
# Visual Studio Version 16
VisualStudioVersion = 16.0.30907.101
MinimumVisualStudioVersion = 10.0.40219.1
Project("{2150E333-8FDC-42A3-9474-1A3956D46DE8}") = "src", "src", "{4CD95E31-90E6-4F0E-AB25-55A0558EC4EF}"
EndProject
Project("{2150E333-8FDC-42A3-9474-1A3956D46DE8}") = "tests", "tests", "{D1D4E847-874B-4CFB-AF15-FE47D87D3579}"
EndProject
Project("{9A19103F-16F7-4668-BE54-9A1E7A4F7556}") = "DatingApp.Api", "src\DatingApp.Api\DatingApp.Api.csproj", "{BEC2A57C-FC35-4C8D-9BF9-E3A6E6DE3E3D}"
EndProject
Project("{9A19103F-16F7-4668-BE54-9A1E7A4F7556}") = "DatingApp.Domain", "src\DatingApp.Domain\DatingApp.Domain.csproj", "{6C7A1E4C-CA59-4C1F-94B9-503EB9CF5D51}"
EndProject
Project("{FAE04EC0-301F-11D3-BF4B-00C04F79EFBC}") = "DatingApp.Application", "src\DatingApp.Application\DatingApp.Application.csproj", "{95010732-970A-4D59-AA96-5DEFEAA448B7}"
EndProject
Project("{FAE04EC0-301F-11D3-BF4B-00C04F79EFBC}") = "DatingApp.Infrastructure", "src\DatingApp.Infrastructure\DatingApp.Infrastructure.csproj", "{EEC8EB60-9624-446C-8AAF-892182AAECC1}"
EndProject
Project("{FAE04EC0-301F-11D3-BF4B-00C04F79EFBC}") = "DatingApp.Application.IntegationTests", "tests\DatingApp.Application.IntegationTests\DatingApp.Application.IntegationTests.csproj", "{3FA11148-A24D-4CB2-B8D0-B63EFAF8E282}"
EndProject
Project("{FAE04EC0-301F-11D3-BF4B-00C04F79EFBC}") = "DatingApp.Application.UnitTests", "tests\DatingApp.Application.UnitTests\DatingApp.Application.UnitTests.csproj", "{996236F9-8EA6-43B8-91F8-A927094DE2E1}"
EndProject
Project("{FAE04EC0-301F-11D3-BF4B-00C04F79EFBC}") = "DatingApp.Domain.UnitTests", "tests\DatingApp.Domain.UnitTests\DatingApp.Domain.UnitTests.csproj", "{C0A4D92D-2A5B-4F4E-9767-48F5F5014AAB}"
EndProject
Global
	GlobalSection(SolutionConfigurationPlatforms) = preSolution
		Debug|Any CPU = Debug|Any CPU
		Release|Any CPU = Release|Any CPU
	EndGlobalSection
	GlobalSection(ProjectConfigurationPlatforms) = postSolution
		{BEC2A57C-FC35-4C8D-9BF9-E3A6E6DE3E3D}.Debug|Any CPU.ActiveCfg = Debug|Any CPU
		{BEC2A57C-FC35-4C8D-9BF9-E3A6E6DE3E3D}.Debug|Any CPU.Build.0 = Debug|Any CPU
		{BEC2A57C-FC35-4C8D-9BF9-E3A6E6DE3E3D}.Release|Any CPU.ActiveCfg = Release|Any CPU
		{BEC2A57C-FC35-4C8D-9BF9-E3A6E6DE3E3D}.Release|Any CPU.Build.0 = Release|Any CPU
		{6C7A1E4C-CA59-4C1F-94B9-503EB9CF5D51}.Debug|Any CPU.ActiveCfg = Debug|Any CPU
		{6C7A1E4C-CA59-4C1F-94B9-503EB9CF5D51}.Debug|Any CPU.Build.0 = Debug|Any CPU
		{6C7A1E4C-CA59-4C1F-94B9-503EB9CF5D51}.Release|Any CPU.ActiveCfg = Release|Any CPU
		{6C7A1E4C-CA59-4C1F-94B9-503EB9CF5D51}.Release|Any CPU.Build.0 = Release|Any CPU
		{95010732-970A-4D59-AA96-5DEFEAA448B7}.Debug|Any CPU.ActiveCfg = Debug|Any CPU
		{95010732-970A-4D59-AA96-5DEFEAA448B7}.Debug|Any CPU.Build.0 = Debug|Any CPU
		{95010732-970A-4D59-AA96-5DEFEAA448B7}.Release|Any CPU.ActiveCfg = Release|Any CPU
		{95010732-970A-4D59-AA96-5DEFEAA448B7}.Release|Any CPU.Build.0 = Release|Any CPU
		{EEC8EB60-9624-446C-8AAF-892182AAECC1}.Debug|Any CPU.ActiveCfg = Debug|Any CPU
		{EEC8EB60-9624-446C-8AAF-892182AAECC1}.Debug|Any CPU.Build.0 = Debug|Any CPU
		{EEC8EB60-9624-446C-8AAF-892182AAECC1}.Release|Any CPU.ActiveCfg = Release|Any CPU
		{EEC8EB60-9624-446C-8AAF-892182AAECC1}.Release|Any CPU.Build.0 = Release|Any CPU
		{3FA11148-A24D-4CB2-B8D0-B63EFAF8E282}.Debug|Any CPU.ActiveCfg = Debug|Any CPU
		{3FA11148-A24D-4CB2-B8D0-B63EFAF8E282}.Debug|Any CPU.Build.0 = Debug|Any CPU
		{3FA11148-A24D-4CB2-B8D0-B63EFAF8E282}.Release|Any CPU.ActiveCfg = Release|Any CPU
		{3FA11148-A24D-4CB2-B8D0-B63EFAF8E282}.Release|Any CPU.Build.0 = Release|Any CPU
		{996236F9-8EA6-43B8-91F8-A927094DE2E1}.Debug|Any CPU.ActiveCfg = Debug|Any CPU
		{996236F9-8EA6-43B8-91F8-A927094DE2E1}.Debug|Any CPU.Build.0 = Debug|Any CPU
		{996236F9-8EA6-43B8-91F8-A927094DE2E1}.Release|Any CPU.ActiveCfg = Release|Any CPU
		{996236F9-8EA6-43B8-91F8-A927094DE2E1}.Release|Any CPU.Build.0 = Release|Any CPU
		{C0A4D92D-2A5B-4F4E-9767-48F5F5014AAB}.Debug|Any CPU.ActiveCfg = Debug|Any CPU
		{C0A4D92D-2A5B-4F4E-9767-48F5F5014AAB}.Debug|Any CPU.Build.0 = Debug|Any CPU
		{C0A4D92D-2A5B-4F4E-9767-48F5F5014AAB}.Release|Any CPU.ActiveCfg = Release|Any CPU
		{C0A4D92D-2A5B-4F4E-9767-48F5F5014AAB}.Release|Any CPU.Build.0 = Release|Any CPU
	EndGlobalSection
	GlobalSection(SolutionProperties) = preSolution
		HideSolutionNode = FALSE
	EndGlobalSection
	GlobalSection(NestedProjects) = preSolution
		{BEC2A57C-FC35-4C8D-9BF9-E3A6E6DE3E3D} = {4CD95E31-90E6-4F0E-AB25-55A0558EC4EF}
		{6C7A1E4C-CA59-4C1F-94B9-503EB9CF5D51} = {4CD95E31-90E6-4F0E-AB25-55A0558EC4EF}
		{95010732-970A-4D59-AA96-5DEFEAA448B7} = {4CD95E31-90E6-4F0E-AB25-55A0558EC4EF}
		{EEC8EB60-9624-446C-8AAF-892182AAECC1} = {4CD95E31-90E6-4F0E-AB25-55A0558EC4EF}
		{3FA11148-A24D-4CB2-B8D0-B63EFAF8E282} = {D1D4E847-874B-4CFB-AF15-FE47D87D3579}
		{996236F9-8EA6-43B8-91F8-A927094DE2E1} = {D1D4E847-874B-4CFB-AF15-FE47D87D3579}
		{C0A4D92D-2A5B-4F4E-9767-48F5F5014AAB} = {D1D4E847-874B-4CFB-AF15-FE47D87D3579}
	EndGlobalSection
	GlobalSection(ExtensibilityGlobals) = postSolution
		SolutionGuid = {DF01D284-B52D-41BD-8286-B7FDA0891E19}
	EndGlobalSection
EndGlobal
